
Microsoft Visual Studio Solution File, Format Version 12.00
# Visual Studio Version 17
VisualStudioVersion = 17.14.36408.4 d17.14
MinimumVisualStudioVersion = 10.0.40219.1
Project("{FAE04EC0-301F-11D3-BF4B-00C04F79EFBC}") = "FM", "FM\FM.csproj", "{306A90B4-0AA0-49BA-A443-5C925F48F2EA}"
EndProject
Global
	GlobalSection(SolutionConfigurationPlatforms) = preSolution
		Debug|Any CPU = Debug|Any CPU
		Release|Any CPU = Release|Any CPU
	EndGlobalSection
	GlobalSection(ProjectConfigurationPlatforms) = postSolution
		{306A90B4-0AA0-49BA-A443-5C925F48F2EA}.Debug|Any CPU.ActiveCfg = Debug|Any CPU
		{306A90B4-0AA0-49BA-A443-5C925F48F2EA}.Debug|Any CPU.Build.0 = Debug|Any CPU
		{306A90B4-0AA0-49BA-A443-5C925F48F2EA}.Release|Any CPU.ActiveCfg = Release|Any CPU
		{306A90B4-0AA0-49BA-A443-5C925F48F2EA}.Release|Any CPU.Build.0 = Release|Any CPU
	EndGlobalSection
	GlobalSection(SolutionProperties) = preSolution
		HideSolutionNode = FALSE
	EndGlobalSection
	GlobalSection(ExtensibilityGlobals) = postSolution
		SolutionGuid = {7EEED9E4-478F-4F2F-A19A-B365945305F6}
	EndGlobalSection
EndGlobal
